{
  "name": "saltygeorge",
  "version": "1.0.0",
  "lockfileVersion": 1,
  "requires": true,
  "dependencies": {
    "async-limiter": {
      "version": "1.0.0",
      "resolved": "https://registry.npmjs.org/async-limiter/-/async-limiter-1.0.0.tgz",
      "integrity": "sha512-jp/uFnooOiO+L211eZOoSyzpOITMXx1rBITauYykG3BRYPu8h0UcxsPNB04RR5vo4Tyz3+ay17tR6JVf9qzYWg=="
    },
    "axios": {
      "version": "0.17.1",
      "resolved": "https://registry.npmjs.org/axios/-/axios-0.17.1.tgz",
      "integrity": "sha1-LY4+XQvb1zJ/kbyBT1xXZg+Bgk0=",
      "requires": {
        "follow-redirects": "1.2.6",
        "is-buffer": "1.1.6"
      }
    },
    "convert-hex": {
      "version": "0.1.0",
      "resolved": "https://registry.npmjs.org/convert-hex/-/convert-hex-0.1.0.tgz",
      "integrity": "sha1-CMBFaJIsJ3drii6BqV05M2LqC2U="
    },
    "convert-string": {
      "version": "0.1.0",
      "resolved": "https://registry.npmjs.org/convert-string/-/convert-string-0.1.0.tgz",
      "integrity": "sha1-ec5BqbsNA7z3LNxqjzxW+7xkQQo="
    },
    "debug": {
      "version": "3.1.0",
      "resolved": "https://registry.npmjs.org/debug/-/debug-3.1.0.tgz",
      "integrity": "sha512-OX8XqP7/1a9cqkxYw2yXss15f26NKWBpDXQd0/uK/KPqdQhxbPa994hnzjcE2VqQpDslf55723cKPUOGSmMY3g==",
      "requires": {
        "ms": "2.0.0"
      }
    },
    "follow-redirects": {
      "version": "1.2.6",
      "resolved": "https://registry.npmjs.org/follow-redirects/-/follow-redirects-1.2.6.tgz",
      "integrity": "sha512-FrMqZ/FONtHnbqO651UPpfRUVukIEwJhXMfdr/JWAmrDbeYBu773b1J6gdWDyRIj4hvvzQEHoEOTrdR8o6KLYA==",
      "requires": {
        "debug": "3.1.0"
      }
    },
    "is-buffer": {
      "version": "1.1.6",
      "resolved": "https://registry.npmjs.org/is-buffer/-/is-buffer-1.1.6.tgz",
      "integrity": "sha512-NcdALwpXkTm5Zvvbk7owOUSvVvBKDgKP5/ewfXEznmQFfs4ZRmanOeKBTjRVjka3QFoN6XJ+9F3USqfHqTaU5w=="
    },
    "ms": {
      "version": "2.0.0",
      "resolved": "https://registry.npmjs.org/ms/-/ms-2.0.0.tgz",
      "integrity": "sha1-VgiurfwAvmwpAd9fmGF4jeDVl8g="
    },
    "safe-buffer": {
      "version": "5.1.1",
      "resolved": "https://registry.npmjs.org/safe-buffer/-/safe-buffer-5.1.1.tgz",
      "integrity": "sha512-kKvNJn6Mm93gAczWVJg7wH+wGYWNrDHdWvpUmHyEsgCtIwwo3bqPtV4tR5tuPaUhTOo/kvhVwd8XwwOllGYkbg=="
    },
    "sha256": {
      "version": "0.2.0",
      "resolved": "https://registry.npmjs.org/sha256/-/sha256-0.2.0.tgz",
      "integrity": "sha1-c6C0GNqrcDW/+G6EkeNjQS/CqwU=",
      "requires": {
        "convert-hex": "0.1.0",
        "convert-string": "0.1.0"
      }
    },
    "ultron": {
      "version": "1.1.1",
      "resolved": "https://registry.npmjs.org/ultron/-/ultron-1.1.1.tgz",
      "integrity": "sha512-UIEXBNeYmKptWH6z8ZnqTeS8fV74zG0/eRU9VGkpzz+LIJNs8W/zM/L+7ctCkRrgbNnnR0xxw4bKOr0cW0N0Og=="
    },
    "ws": {
      "version": "3.3.2",
      "resolved": "https://registry.npmjs.org/ws/-/ws-3.3.2.tgz",
      "integrity": "sha512-t+WGpsNxhMR4v6EClXS8r8km5ZljKJzyGhJf7goJz9k5Ye3+b5Bvno5rjqPuIBn5mnn5GBb7o8IrIWHxX1qOLQ==",
      "requires": {
        "async-limiter": "1.0.0",
        "safe-buffer": "5.1.1",
        "ultron": "1.1.1"
      }
    }
  }
}
